
Microsoft Visual Studio Solution File, Format Version 12.00
# Visual Studio Version 17
VisualStudioVersion = 17.13.35931.197 d17.13
MinimumVisualStudioVersion = 10.0.40219.1
Project("{FAE04EC0-301F-11D3-BF4B-00C04F79EFBC}") = "ReplayOverlay", "ReplayOverlay\ReplayOverlay.csproj", "{03B2043E-F957-4A47-B78F-8686F9A8DC34}"
EndProject
Global
	GlobalSection(SolutionConfigurationPlatforms) = preSolution
		Debug|Any CPU = Debug|Any CPU
		Release|Any CPU = Release|Any CPU
	EndGlobalSection
	GlobalSection(ProjectConfigurationPlatforms) = postSolution
		{03B2043E-F957-4A47-B78F-8686F9A8DC34}.Debug|Any CPU.ActiveCfg = Debug|Any CPU
		{03B2043E-F957-4A47-B78F-8686F9A8DC34}.Debug|Any CPU.Build.0 = Debug|Any CPU
		{03B2043E-F957-4A47-B78F-8686F9A8DC34}.Release|Any CPU.ActiveCfg = Release|Any CPU
		{03B2043E-F957-4A47-B78F-8686F9A8DC34}.Release|Any CPU.Build.0 = Release|Any CPU
	EndGlobalSection
	GlobalSection(SolutionProperties) = preSolution
		HideSolutionNode = FALSE
	EndGlobalSection
	GlobalSection(ExtensibilityGlobals) = postSolution
		SolutionGuid = {624D5BE6-1C2D-4803-B369-879034761018}
	EndGlobalSection
EndGlobal
